// !$*UTF8*$!
{
	archiveVersion = 1;
	classes = {
	};
	objectVersion = 50;
	objects = {

/* Begin PBXBuildFile section */
		234835B326FB3911003C3B95 /* APIModels.swift in Sources */ = {isa = PBXBuildFile; fileRef = 234835B226FB3911003C3B95 /* APIModels.swift */; };
		234835B526FB3931003C3B95 /* CryptoTableViewCell.swift in Sources */ = {isa = PBXBuildFile; fileRef = 234835B426FB3931003C3B95 /* CryptoTableViewCell.swift */; };
		234835B726FB3949003C3B95 /* APICaller.swift in Sources */ = {isa = PBXBuildFile; fileRef = 234835B626FB3949003C3B95 /* APICaller.swift */; };
		234835B926FB55A3003C3B95 /* MainTabBarController.swift in Sources */ = {isa = PBXBuildFile; fileRef = 234835B826FB55A3003C3B95 /* MainTabBarController.swift */; };
		234835BB26FB5607003C3B95 /* WalletViewController.swift in Sources */ = {isa = PBXBuildFile; fileRef = 234835BA26FB5607003C3B95 /* WalletViewController.swift */; };
		234835BD26FB6590003C3B95 /* FavouriteViewController.swift in Sources */ = {isa = PBXBuildFile; fileRef = 234835BC26FB6590003C3B95 /* FavouriteViewController.swift */; };
		234835BF26FB65C4003C3B95 /* FriendsViewController.swift in Sources */ = {isa = PBXBuildFile; fileRef = 234835BE26FB65C4003C3B95 /* FriendsViewController.swift */; };
		234835C126FB65D1003C3B95 /* SettingsViewController.swift in Sources */ = {isa = PBXBuildFile; fileRef = 234835C026FB65D1003C3B95 /* SettingsViewController.swift */; };
		234835CA26FDDEC9003C3B95 /* DetailedViewController.swift in Sources */ = {isa = PBXBuildFile; fileRef = 234835C926FDDEC9003C3B95 /* DetailedViewController.swift */; };
		234835CC26FFAB4C003C3B95 /* ChosenCryptoTableViewCell.swift in Sources */ = {isa = PBXBuildFile; fileRef = 234835CB26FFAB4C003C3B95 /* ChosenCryptoTableViewCell.swift */; };
		234835CE2700623E003C3B95 /* Spinner.swift in Sources */ = {isa = PBXBuildFile; fileRef = 234835CD2700623E003C3B95 /* Spinner.swift */; };
		23A55AFD26F4DB7500A3B010 /* AppDelegate.swift in Sources */ = {isa = PBXBuildFile; fileRef = 23A55AFC26F4DB7500A3B010 /* AppDelegate.swift */; };
		23A55AFF26F4DB7500A3B010 /* SceneDelegate.swift in Sources */ = {isa = PBXBuildFile; fileRef = 23A55AFE26F4DB7500A3B010 /* SceneDelegate.swift */; };
		23A55B0126F4DB7500A3B010 /* HomeViewController.swift in Sources */ = {isa = PBXBuildFile; fileRef = 23A55B0026F4DB7500A3B010 /* HomeViewController.swift */; };
		23A55B0626F4DB7700A3B010 /* Assets.xcassets in Resources */ = {isa = PBXBuildFile; fileRef = 23A55B0526F4DB7700A3B010 /* Assets.xcassets */; };
		23A55B0926F4DB7700A3B010 /* LaunchScreen.storyboard in Resources */ = {isa = PBXBuildFile; fileRef = 23A55B0726F4DB7700A3B010 /* LaunchScreen.storyboard */; };
/* End PBXBuildFile section */

/* Begin PBXFileReference section */
		234835B226FB3911003C3B95 /* APIModels.swift */ = {isa = PBXFileReference; lastKnownFileType = sourcecode.swift; path = APIModels.swift; sourceTree = "<group>"; };
		234835B426FB3931003C3B95 /* CryptoTableViewCell.swift */ = {isa = PBXFileReference; lastKnownFileType = sourcecode.swift; path = CryptoTableViewCell.swift; sourceTree = "<group>"; };
		234835B626FB3949003C3B95 /* APICaller.swift */ = {isa = PBXFileReference; lastKnownFileType = sourcecode.swift; path = APICaller.swift; sourceTree = "<group>"; };
		234835B826FB55A3003C3B95 /* MainTabBarController.swift */ = {isa = PBXFileReference; lastKnownFileType = sourcecode.swift; path = MainTabBarController.swift; sourceTree = "<group>"; };
		234835BA26FB5607003C3B95 /* WalletViewController.swift */ = {isa = PBXFileReference; lastKnownFileType = sourcecode.swift; path = WalletViewController.swift; sourceTree = "<group>"; };
		234835BC26FB6590003C3B95 /* FavouriteViewController.swift */ = {isa = PBXFileReference; lastKnownFileType = sourcecode.swift; path = FavouriteViewController.swift; sourceTree = "<group>"; };
		234835BE26FB65C4003C3B95 /* FriendsViewController.swift */ = {isa = PBXFileReference; lastKnownFileType = sourcecode.swift; path = FriendsViewController.swift; sourceTree = "<group>"; };
		234835C026FB65D1003C3B95 /* SettingsViewController.swift */ = {isa = PBXFileReference; lastKnownFileType = sourcecode.swift; path = SettingsViewController.swift; sourceTree = "<group>"; };
		234835C926FDDEC9003C3B95 /* DetailedViewController.swift */ = {isa = PBXFileReference; lastKnownFileType = sourcecode.swift; path = DetailedViewController.swift; sourceTree = "<group>"; };
		234835CB26FFAB4C003C3B95 /* ChosenCryptoTableViewCell.swift */ = {isa = PBXFileReference; lastKnownFileType = sourcecode.swift; path = ChosenCryptoTableViewCell.swift; sourceTree = "<group>"; };
		234835CD2700623E003C3B95 /* Spinner.swift */ = {isa = PBXFileReference; lastKnownFileType = sourcecode.swift; path = Spinner.swift; sourceTree = "<group>"; };
		23A55AF926F4DB7500A3B010 /* Crypto.app */ = {isa = PBXFileReference; explicitFileType = wrapper.application; includeInIndex = 0; path = Crypto.app; sourceTree = BUILT_PRODUCTS_DIR; };
		23A55AFC26F4DB7500A3B010 /* AppDelegate.swift */ = {isa = PBXFileReference; lastKnownFileType = sourcecode.swift; path = AppDelegate.swift; sourceTree = "<group>"; };
		23A55AFE26F4DB7500A3B010 /* SceneDelegate.swift */ = {isa = PBXFileReference; lastKnownFileType = sourcecode.swift; path = SceneDelegate.swift; sourceTree = "<group>"; };
		23A55B0026F4DB7500A3B010 /* HomeViewController.swift */ = {isa = PBXFileReference; lastKnownFileType = sourcecode.swift; path = HomeViewController.swift; sourceTree = "<group>"; };
		23A55B0526F4DB7700A3B010 /* Assets.xcassets */ = {isa = PBXFileReference; lastKnownFileType = folder.assetcatalog; path = Assets.xcassets; sourceTree = "<group>"; };
		23A55B0826F4DB7700A3B010 /* Base */ = {isa = PBXFileReference; lastKnownFileType = file.storyboard; name = Base; path = Base.lproj/LaunchScreen.storyboard; sourceTree = "<group>"; };
		23A55B0A26F4DB7700A3B010 /* Info.plist */ = {isa = PBXFileReference; lastKnownFileType = text.plist.xml; path = Info.plist; sourceTree = "<group>"; };
/* End PBXFileReference section */

/* Begin PBXFrameworksBuildPhase section */
		23A55AF626F4DB7500A3B010 /* Frameworks */ = {
			isa = PBXFrameworksBuildPhase;
			buildActionMask = 2147483647;
			files = (
			);
			runOnlyForDeploymentPostprocessing = 0;
		};
/* End PBXFrameworksBuildPhase section */

/* Begin PBXGroup section */
		234835C226FB6784003C3B95 /* Routing */ = {
			isa = PBXGroup;
			children = (
				234835B826FB55A3003C3B95 /* MainTabBarController.swift */,
			);
			path = Routing;
			sourceTree = "<group>";
		};
		234835C326FB679D003C3B95 /* Helpers */ = {
			isa = PBXGroup;
			children = (
				234835B226FB3911003C3B95 /* APIModels.swift */,
				234835B426FB3931003C3B95 /* CryptoTableViewCell.swift */,
				234835CB26FFAB4C003C3B95 /* ChosenCryptoTableViewCell.swift */,
				234835B626FB3949003C3B95 /* APICaller.swift */,
				23A55AFE26F4DB7500A3B010 /* SceneDelegate.swift */,
				23A55AFC26F4DB7500A3B010 /* AppDelegate.swift */,
				234835CD2700623E003C3B95 /* Spinner.swift */,
			);
			path = Helpers;
			sourceTree = "<group>";
		};
		234835C426FB67F8003C3B95 /* Home */ = {
			isa = PBXGroup;
			children = (
				23A55B0026F4DB7500A3B010 /* HomeViewController.swift */,
				234835C926FDDEC9003C3B95 /* DetailedViewController.swift */,
			);
			path = Home;
			sourceTree = "<group>";
		};
		234835C526FB6808003C3B95 /* Wallet */ = {
			isa = PBXGroup;
			children = (
				234835BA26FB5607003C3B95 /* WalletViewController.swift */,
			);
			path = Wallet;
			sourceTree = "<group>";
		};
		234835C626FB6814003C3B95 /* Favourites */ = {
			isa = PBXGroup;
			children = (
				234835BC26FB6590003C3B95 /* FavouriteViewController.swift */,
			);
			path = Favourites;
			sourceTree = "<group>";
		};
		234835C726FB6837003C3B95 /* Friends */ = {
			isa = PBXGroup;
			children = (
				234835BE26FB65C4003C3B95 /* FriendsViewController.swift */,
			);
			path = Friends;
			sourceTree = "<group>";
		};
		234835C826FB684A003C3B95 /* Settings */ = {
			isa = PBXGroup;
			children = (
				234835C026FB65D1003C3B95 /* SettingsViewController.swift */,
			);
			path = Settings;
			sourceTree = "<group>";
		};
		23A55AF026F4DB7500A3B010 = {
			isa = PBXGroup;
			children = (
				23A55AFB26F4DB7500A3B010 /* Crypto */,
				23A55AFA26F4DB7500A3B010 /* Products */,
			);
			sourceTree = "<group>";
		};
		23A55AFA26F4DB7500A3B010 /* Products */ = {
			isa = PBXGroup;
			children = (
				23A55AF926F4DB7500A3B010 /* Crypto.app */,
			);
			name = Products;
			sourceTree = "<group>";
		};
		23A55AFB26F4DB7500A3B010 /* Crypto */ = {
			isa = PBXGroup;
			children = (
				234835C426FB67F8003C3B95 /* Home */,
				234835C526FB6808003C3B95 /* Wallet */,
				234835C626FB6814003C3B95 /* Favourites */,
				234835C726FB6837003C3B95 /* Friends */,
				234835C826FB684A003C3B95 /* Settings */,
				234835C326FB679D003C3B95 /* Helpers */,
				234835C226FB6784003C3B95 /* Routing */,
				23A55B0526F4DB7700A3B010 /* Assets.xcassets */,
				23A55B0726F4DB7700A3B010 /* LaunchScreen.storyboard */,
				23A55B0A26F4DB7700A3B010 /* Info.plist */,
			);
			path = Crypto;
			sourceTree = "<group>";
		};
/* End PBXGroup section */

/* Begin PBXNativeTarget section */
		23A55AF826F4DB7500A3B010 /* Crypto */ = {
			isa = PBXNativeTarget;
			buildConfigurationList = 23A55B0D26F4DB7700A3B010 /* Build configuration list for PBXNativeTarget "Crypto" */;
			buildPhases = (
				23A55AF526F4DB7500A3B010 /* Sources */,
				23A55AF626F4DB7500A3B010 /* Frameworks */,
				23A55AF726F4DB7500A3B010 /* Resources */,
			);
			buildRules = (
			);
			dependencies = (
			);
			name = Crypto;
			productName = Crypto;
			productReference = 23A55AF926F4DB7500A3B010 /* Crypto.app */;
			productType = "com.apple.product-type.application";
		};
/* End PBXNativeTarget section */

/* Begin PBXProject section */
		23A55AF126F4DB7500A3B010 /* Project object */ = {
			isa = PBXProject;
			attributes = {
				LastSwiftUpdateCheck = 1250;
				LastUpgradeCheck = 1250;
				TargetAttributes = {
					23A55AF826F4DB7500A3B010 = {
						CreatedOnToolsVersion = 12.5.1;
					};
				};
			};
			buildConfigurationList = 23A55AF426F4DB7500A3B010 /* Build configuration list for PBXProject "Crypto" */;
			compatibilityVersion = "Xcode 9.3";
			developmentRegion = en;
			hasScannedForEncodings = 0;
			knownRegions = (
				en,
				Base,
			);
			mainGroup = 23A55AF026F4DB7500A3B010;
			productRefGroup = 23A55AFA26F4DB7500A3B010 /* Products */;
			projectDirPath = "";
			projectRoot = "";
			targets = (
				23A55AF826F4DB7500A3B010 /* Crypto */,
			);
		};
/* End PBXProject section */

/* Begin PBXResourcesBuildPhase section */
		23A55AF726F4DB7500A3B010 /* Resources */ = {
			isa = PBXResourcesBuildPhase;
			buildActionMask = 2147483647;
			files = (
				23A55B0926F4DB7700A3B010 /* LaunchScreen.storyboard in Resources */,
				23A55B0626F4DB7700A3B010 /* Assets.xcassets in Resources */,
			);
			runOnlyForDeploymentPostprocessing = 0;
		};
/* End PBXResourcesBuildPhase section */

/* Begin PBXSourcesBuildPhase section */
		23A55AF526F4DB7500A3B010 /* Sources */ = {
			isa = PBXSourcesBuildPhase;
			buildActionMask = 2147483647;
			files = (
				234835B326FB3911003C3B95 /* APIModels.swift in Sources */,
				234835B726FB3949003C3B95 /* APICaller.swift in Sources */,
				234835C126FB65D1003C3B95 /* SettingsViewController.swift in Sources */,
				234835CE2700623E003C3B95 /* Spinner.swift in Sources */,
				23A55B0126F4DB7500A3B010 /* HomeViewController.swift in Sources */,
				234835B926FB55A3003C3B95 /* MainTabBarController.swift in Sources */,
				23A55AFD26F4DB7500A3B010 /* AppDelegate.swift in Sources */,
				234835CC26FFAB4C003C3B95 /* ChosenCryptoTableViewCell.swift in Sources */,
				234835BB26FB5607003C3B95 /* WalletViewController.swift in Sources */,
				234835B526FB3931003C3B95 /* CryptoTableViewCell.swift in Sources */,
				23A55AFF26F4DB7500A3B010 /* SceneDelegate.swift in Sources */,
				234835BF26FB65C4003C3B95 /* FriendsViewController.swift in Sources */,
				234835CA26FDDEC9003C3B95 /* DetailedViewController.swift in Sources */,
				234835BD26FB6590003C3B95 /* FavouriteViewController.swift in Sources */,
			);
			runOnlyForDeploymentPostprocessing = 0;
		};
/* End PBXSourcesBuildPhase section */

/* Begin PBXVariantGroup section */
		23A55B0726F4DB7700A3B010 /* LaunchScreen.storyboard */ = {
			isa = PBXVariantGroup;
			children = (
				23A55B0826F4DB7700A3B010 /* Base */,
			);
			name = LaunchScreen.storyboard;
			sourceTree = "<group>";
		};
/* End PBXVariantGroup section */

/* Begin XCBuildConfiguration section */
		23A55B0B26F4DB7700A3B010 /* Debug */ = {
			isa = XCBuildConfiguration;
			buildSettings = {
				ALWAYS_SEARCH_USER_PATHS = NO;
				CLANG_ANALYZER_NONNULL = YES;
				CLANG_ANALYZER_NUMBER_OBJECT_CONVERSION = YES_AGGRESSIVE;
				CLANG_CXX_LANGUAGE_STANDARD = "gnu++14";
				CLANG_CXX_LIBRARY = "libc++";
				CLANG_ENABLE_MODULES = YES;
				CLANG_ENABLE_OBJC_ARC = YES;
				CLANG_ENABLE_OBJC_WEAK = YES;
				CLANG_WARN_BLOCK_CAPTURE_AUTORELEASING = YES;
				CLANG_WARN_BOOL_CONVERSION = YES;
				CLANG_WARN_COMMA = YES;
				CLANG_WARN_CONSTANT_CONVERSION = YES;
				CLANG_WARN_DEPRECATED_OBJC_IMPLEMENTATIONS = YES;
				CLANG_WARN_DIRECT_OBJC_ISA_USAGE = YES_ERROR;
				CLANG_WARN_DOCUMENTATION_COMMENTS = YES;
				CLANG_WARN_EMPTY_BODY = YES;
				CLANG_WARN_ENUM_CONVERSION = YES;
				CLANG_WARN_INFINITE_RECURSION = YES;
				CLANG_WARN_INT_CONVERSION = YES;
				CLANG_WARN_NON_LITERAL_NULL_CONVERSION = YES;
				CLANG_WARN_OBJC_IMPLICIT_RETAIN_SELF = YES;
				CLANG_WARN_OBJC_LITERAL_CONVERSION = YES;
				CLANG_WARN_OBJC_ROOT_CLASS = YES_ERROR;
				CLANG_WARN_QUOTED_INCLUDE_IN_FRAMEWORK_HEADER = YES;
				CLANG_WARN_RANGE_LOOP_ANALYSIS = YES;
				CLANG_WARN_STRICT_PROTOTYPES = YES;
				CLANG_WARN_SUSPICIOUS_MOVE = YES;
				CLANG_WARN_UNGUARDED_AVAILABILITY = YES_AGGRESSIVE;
				CLANG_WARN_UNREACHABLE_CODE = YES;
				CLANG_WARN__DUPLICATE_METHOD_MATCH = YES;
				COPY_PHASE_STRIP = NO;
				DEBUG_INFORMATION_FORMAT = dwarf;
				ENABLE_STRICT_OBJC_MSGSEND = YES;
				ENABLE_TESTABILITY = YES;
				GCC_C_LANGUAGE_STANDARD = gnu11;
				GCC_DYNAMIC_NO_PIC = NO;
				GCC_NO_COMMON_BLOCKS = YES;
				GCC_OPTIMIZATION_LEVEL = 0;
				GCC_PREPROCESSOR_DEFINITIONS = (
					"DEBUG=1",
					"$(inherited)",
				);
				GCC_WARN_64_TO_32_BIT_CONVERSION = YES;
				GCC_WARN_ABOUT_RETURN_TYPE = YES_ERROR;
				GCC_WARN_UNDECLARED_SELECTOR = YES;
				GCC_WARN_UNINITIALIZED_AUTOS = YES_AGGRESSIVE;
				GCC_WARN_UNUSED_FUNCTION = YES;
				GCC_WARN_UNUSED_VARIABLE = YES;
				IPHONEOS_DEPLOYMENT_TARGET = 13.0;
				MTL_ENABLE_DEBUG_INFO = INCLUDE_SOURCE;
				MTL_FAST_MATH = YES;
				ONLY_ACTIVE_ARCH = YES;
				SDKROOT = iphoneos;
				SWIFT_ACTIVE_COMPILATION_CONDITIONS = DEBUG;
				SWIFT_OPTIMIZATION_LEVEL = "-Onone";
			};
			name = Debug;
		};
		23A55B0C26F4DB7700A3B010 /* Release */ = {
			isa = XCBuildConfiguration;
			buildSettings = {
				ALWAYS_SEARCH_USER_PATHS = NO;
				CLANG_ANALYZER_NONNULL = YES;
				CLANG_ANALYZER_NUMBER_OBJECT_CONVERSION = YES_AGGRESSIVE;
				CLANG_CXX_LANGUAGE_STANDARD = "gnu++14";
				CLANG_CXX_LIBRARY = "libc++";
				CLANG_ENABLE_MODULES = YES;
				CLANG_ENABLE_OBJC_ARC = YES;
				CLANG_ENABLE_OBJC_WEAK = YES;
				CLANG_WARN_BLOCK_CAPTURE_AUTORELEASING = YES;
				CLANG_WARN_BOOL_CONVERSION = YES;
				CLANG_WARN_COMMA = YES;
				CLANG_WARN_CONSTANT_CONVERSION = YES;
				CLANG_WARN_DEPRECATED_OBJC_IMPLEMENTATIONS = YES;
				CLANG_WARN_DIRECT_OBJC_ISA_USAGE = YES_ERROR;
				CLANG_WARN_DOCUMENTATION_COMMENTS = YES;
				CLANG_WARN_EMPTY_BODY = YES;
				CLANG_WARN_ENUM_CONVERSION = YES;
				CLANG_WARN_INFINITE_RECURSION = YES;
				CLANG_WARN_INT_CONVERSION = YES;
				CLANG_WARN_NON_LITERAL_NULL_CONVERSION = YES;
				CLANG_WARN_OBJC_IMPLICIT_RETAIN_SELF = YES;
				CLANG_WARN_OBJC_LITERAL_CONVERSION = YES;
				CLANG_WARN_OBJC_ROOT_CLASS = YES_ERROR;
				CLANG_WARN_QUOTED_INCLUDE_IN_FRAMEWORK_HEADER = YES;
				CLANG_WARN_RANGE_LOOP_ANALYSIS = YES;
				CLANG_WARN_STRICT_PROTOTYPES = YES;
				CLANG_WARN_SUSPICIOUS_MOVE = YES;
				CLANG_WARN_UNGUARDED_AVAILABILITY = YES_AGGRESSIVE;
				CLANG_WARN_UNREACHABLE_CODE = YES;
				CLANG_WARN__DUPLICATE_METHOD_MATCH = YES;
				COPY_PHASE_STRIP = NO;
				DEBUG_INFORMATION_FORMAT = "dwarf-with-dsym";
				ENABLE_NS_ASSERTIONS = NO;
				ENABLE_STRICT_OBJC_MSGSEND = YES;
				GCC_C_LANGUAGE_STANDARD = gnu11;
				GCC_NO_COMMON_BLOCKS = YES;
				GCC_WARN_64_TO_32_BIT_CONVERSION = YES;
				GCC_WARN_ABOUT_RETURN_TYPE = YES_ERROR;
				GCC_WARN_UNDECLARED_SELECTOR = YES;
				GCC_WARN_UNINITIALIZED_AUTOS = YES_AGGRESSIVE;
				GCC_WARN_UNUSED_FUNCTION = YES;
				GCC_WARN_UNUSED_VARIABLE = YES;
				IPHONEOS_DEPLOYMENT_TARGET = 13.0;
				MTL_ENABLE_DEBUG_INFO = NO;
				MTL_FAST_MATH = YES;
				SDKROOT = iphoneos;
				SWIFT_COMPILATION_MODE = wholemodule;
				SWIFT_OPTIMIZATION_LEVEL = "-O";
				VALIDATE_PRODUCT = YES;
			};
			name = Release;
		};
		23A55B0E26F4DB7700A3B010 /* Debug */ = {
			isa = XCBuildConfiguration;
			buildSettings = {
				ASSETCATALOG_COMPILER_APPICON_NAME = AppIcon;
				ASSETCATALOG_COMPILER_GLOBAL_ACCENT_COLOR_NAME = AccentColor;
				CODE_SIGN_STYLE = Automatic;
				DEVELOPMENT_TEAM = H6B86YYVQ7;
				INFOPLIST_FILE = Crypto/Info.plist;
				LD_RUNPATH_SEARCH_PATHS = (
					"$(inherited)",
					"@executable_path/Frameworks",
				);
				PRODUCT_BUNDLE_IDENTIFIER = magicCorp.Crypto;
				PRODUCT_NAME = "$(TARGET_NAME)";
				SWIFT_VERSION = 5.0;
				TARGETED_DEVICE_FAMILY = "1,2";
			};
			name = Debug;
		};
		23A55B0F26F4DB7700A3B010 /* Release */ = {
			isa = XCBuildConfiguration;
			buildSettings = {
				ASSETCATALOG_COMPILER_APPICON_NAME = AppIcon;
				ASSETCATALOG_COMPILER_GLOBAL_ACCENT_COLOR_NAME = AccentColor;
				CODE_SIGN_STYLE = Automatic;
				DEVELOPMENT_TEAM = H6B86YYVQ7;
				INFOPLIST_FILE = Crypto/Info.plist;
				LD_RUNPATH_SEARCH_PATHS = (
					"$(inherited)",
					"@executable_path/Frameworks",
				);
				PRODUCT_BUNDLE_IDENTIFIER = magicCorp.Crypto;
				PRODUCT_NAME = "$(TARGET_NAME)";
				SWIFT_VERSION = 5.0;
				TARGETED_DEVICE_FAMILY = "1,2";
			};
			name = Release;
		};
/* End XCBuildConfiguration section */

/* Begin XCConfigurationList section */
		23A55AF426F4DB7500A3B010 /* Build configuration list for PBXProject "Crypto" */ = {
			isa = XCConfigurationList;
			buildConfigurations = (
				23A55B0B26F4DB7700A3B010 /* Debug */,
				23A55B0C26F4DB7700A3B010 /* Release */,
			);
			defaultConfigurationIsVisible = 0;
			defaultConfigurationName = Release;
		};
		23A55B0D26F4DB7700A3B010 /* Build configuration list for PBXNativeTarget "Crypto" */ = {
			isa = XCConfigurationList;
			buildConfigurations = (
				23A55B0E26F4DB7700A3B010 /* Debug */,
				23A55B0F26F4DB7700A3B010 /* Release */,
			);
			defaultConfigurationIsVisible = 0;
			defaultConfigurationName = Release;
		};
/* End XCConfigurationList section */
	};
	rootObject = 23A55AF126F4DB7500A3B010 /* Project object */;
}
